PODS:
  - bitsdojo_window_macos (0.0.1):
    - FlutterMacOS
  - file_picker (0.0.1):
    - Flutter
    - FlutterMacOS
  - FlutterMacOS (1.0.0)
  - fvp (0.36.1):
    - Flutter
    - FlutterMacOS
    - mdk (~> 0.36.0)
  - local_notifier (0.1.0):
    - FlutterMacOS
  - mdk (0.36.0)
  - package_info_plus (0.0.1):
    - FlutterMacOS
  - shared_preferences_foundation (0.0.1):
    - Flutter
    - FlutterMacOS
  - sqflite_darwin (0.0.4):
    - Flutter
    - FlutterMacOS
  - url_launcher_macos (0.0.1):
    - FlutterMacOS
  - video_player_avfoundation (0.0.1):
    - Flutter
    - FlutterMacOS
  - vidra_player (0.0.1):
    - FlutterMacOS
  - wakelock_plus (0.0.1):
    - FlutterMacOS

DEPENDENCIES:
  - bitsdojo_window_macos (from `Flutter/ephemeral/.symlinks/plugins/bitsdojo_window_macos/macos`)
  - file_picker (from `Flutter/ephemeral/.symlinks/plugins/file_picker/darwin`)
  - FlutterMacOS (from `Flutter/ephemeral`)
  - fvp (from `Flutter/ephemeral/.symlinks/plugins/fvp/darwin`)
  - local_notifier (from `Flutter/ephemeral/.symlinks/plugins/local_notifier/macos`)
  - package_info_plus (from `Flutter/ephemeral/.symlinks/plugins/package_info_plus/macos`)
  - shared_preferences_foundation (from `Flutter/ephemeral/.symlinks/plugins/shared_preferences_foundation/darwin`)
  - sqflite_darwin (from `Flutter/ephemeral/.symlinks/plugins/sqflite_darwin/darwin`)
  - url_launcher_macos (from `Flutter/ephemeral/.symlinks/plugins/url_launcher_macos/macos`)
  - video_player_avfoundation (from `Flutter/ephemeral/.symlinks/plugins/video_player_avfoundation/darwin`)
  - vidra_player (from `Flutter/ephemeral/.symlinks/plugins/vidra_player/macos`)
  - wakelock_plus (from `Flutter/ephemeral/.symlinks/plugins/wakelock_plus/macos`)

SPEC REPOS:
  trunk:
    - mdk

EXTERNAL SOURCES:
  bitsdojo_window_macos:
    :path: Flutter/ephemeral/.symlinks/plugins/bitsdojo_window_macos/macos
  file_picker:
    :path: Flutter/ephemeral/.symlinks/plugins/file_picker/darwin
  FlutterMacOS:
    :path: Flutter/ephemeral
  fvp:
    :path: Flutter/ephemeral/.symlinks/plugins/fvp/darwin
  local_notifier:
    :path: Flutter/ephemeral/.symlinks/plugins/local_notifier/macos
  package_info_plus:
    :path: Flutter/ephemeral/.symlinks/plugins/package_info_plus/macos
  shared_preferences_foundation:
    :path: Flutter/ephemeral/.symlinks/plugins/shared_preferences_foundation/darwin
  sqflite_darwin:
    :path: Flutter/ephemeral/.symlinks/plugins/sqflite_darwin/darwin
  url_launcher_macos:
    :path: Flutter/ephemeral/.symlinks/plugins/url_launcher_macos/macos
  video_player_avfoundation:
    :path: Flutter/ephemeral/.symlinks/plugins/video_player_avfoundation/darwin
  vidra_player:
    :path: Flutter/ephemeral/.symlinks/plugins/vidra_player/macos
  wakelock_plus:
    :path: Flutter/ephemeral/.symlinks/plugins/wakelock_plus/macos

SPEC CHECKSUMS:
  bitsdojo_window_macos: f4ad0a9fe65a5fefa59217d64fb4bdf38e5bb558
  file_picker: 70164d9778c42c47218d6cd79ce435de0856b11a
  FlutterMacOS: d0db08ddef1a9af05a5ec4b724367152bb0500b1
  fvp: f8b3b61cf8c696ecaa5608ae0d282ba710e65ae9
  local_notifier: ebf072651e35ae5e47280ad52e2707375cb2ae4e
  mdk: 3bfb53e0bcc9643180eaa864360051f281e4c17b
  package_info_plus: f0052d280d17aa382b932f399edf32507174e870
  shared_preferences_foundation: 7036424c3d8ec98dfe75ff1667cb0cd531ec82bb
  sqflite_darwin: 20b2a3a3b70e43edae938624ce550a3cbf66a3d0
  url_launcher_macos: f87a979182d112f911de6820aefddaf56ee9fbfd
  video_player_avfoundation: 3453f792138786248960ca029747fcd9f318ef52
  vidra_player: 07dd1c1c147f03f688edb1b4215bd573e5ced718
  wakelock_plus: 917609be14d812ddd9e9528876538b2263aaa03b

PODFILE CHECKSUM: 21ce4b85630e26de4ad840c8ff4bd49dcfdbc7eb

COCOAPODS: 1.16.2
